
Microsoft Visual Studio Solution File, Format Version 12.00
# Visual Studio Version 17
VisualStudioVersion = 17.2.32526.322
MinimumVisualStudioVersion = 10.0.40219.1
Project("{FAE04EC0-301F-11D3-BF4B-00C04F79EFBC}") = "sistemKebencanaan", "sistemKebencanaan\sistemKebencanaan.csproj", "{CDC9E99F-96B0-4B39-AAAE-ED4CC0CED1C2}"
EndProject
Global
	GlobalSection(SolutionConfigurationPlatforms) = preSolution
		Debug|Any CPU = Debug|Any CPU
		Release|Any CPU = Release|Any CPU
	EndGlobalSection
	GlobalSection(ProjectConfigurationPlatforms) = postSolution
		{CDC9E99F-96B0-4B39-AAAE-ED4CC0CED1C2}.Debug|Any CPU.ActiveCfg = Debug|Any CPU
		{CDC9E99F-96B0-4B39-AAAE-ED4CC0CED1C2}.Debug|Any CPU.Build.0 = Debug|Any CPU
		{CDC9E99F-96B0-4B39-AAAE-ED4CC0CED1C2}.Release|Any CPU.ActiveCfg = Release|Any CPU
		{CDC9E99F-96B0-4B39-AAAE-ED4CC0CED1C2}.Release|Any CPU.Build.0 = Release|Any CPU
	EndGlobalSection
	GlobalSection(SolutionProperties) = preSolution
		HideSolutionNode = FALSE
	EndGlobalSection
	GlobalSection(ExtensibilityGlobals) = postSolution
		SolutionGuid = {C8B3E77A-359B-4A90-ADA4-FE4CD6B6E876}
	EndGlobalSection
EndGlobal
